<Solution>
  <Folder Name="/Solution Items/">
    <File Path=".github/workflows/cosmos-db.bicep" />
    <File Path=".github/workflows/cosmos-db.yml" />
    <File Path=".github/workflows/deploy-app.yml" />
    <File Path="README.md" />
  </Folder>
  <Project Path="Pat.Aca.BlogServiceApi/Pat.Aca.BlogServiceApi.csproj" />
  <Project Path="Pat.ACA.BlogServiceTests/Pat.ACA.BlogServiceApiTests.csproj" />
  <Project Path="Pat.Aca.BlogCommentsModerationFunction/Pat.Aca.BlogCommentsModerationFunction.csproj" />
  <Project Path="Pat.Aca.BlogCommentsModerationFunctionTests/Pat.Aca.BlogCommentsModerationFunctionTests.csproj" />
</Solution>
